
Microsoft Visual Studio Solution File, Format Version 12.00
# Visual Studio Version 17
VisualStudioVersion = 17.11.35222.181
MinimumVisualStudioVersion = 10.0.40219.1
Project("{FAE04EC0-301F-11D3-BF4B-00C04F79EFBC}") = "Travel.Api", "Travel.Api.csproj", "{01DCD28D-273F-4ABE-859A-913CD48AAF36}"
EndProject
Project("{FAE04EC0-301F-11D3-BF4B-00C04F79EFBC}") = "Travel.Core", "..\Travel.Core\Travel.Core.csproj", "{79B9574D-AB3D-4C05-A651-C88885F46EE2}"
EndProject
Project("{FAE04EC0-301F-11D3-BF4B-00C04F79EFBC}") = "Travel.Infrastructure", "..\Travel.Infrastructure\Travel.Infrastructure.csproj", "{5B4C78C8-94AB-41B9-8B0B-C75A58175F7C}"
EndProject
Global
	GlobalSection(SolutionConfigurationPlatforms) = preSolution
		Debug|Any CPU = Debug|Any CPU
		Release|Any CPU = Release|Any CPU
	EndGlobalSection
	GlobalSection(ProjectConfigurationPlatforms) = postSolution
		{01DCD28D-273F-4ABE-859A-913CD48AAF36}.Debug|Any CPU.ActiveCfg = Debug|Any CPU
		{01DCD28D-273F-4ABE-859A-913CD48AAF36}.Debug|Any CPU.Build.0 = Debug|Any CPU
		{01DCD28D-273F-4ABE-859A-913CD48AAF36}.Release|Any CPU.ActiveCfg = Release|Any CPU
		{01DCD28D-273F-4ABE-859A-913CD48AAF36}.Release|Any CPU.Build.0 = Release|Any CPU
		{79B9574D-AB3D-4C05-A651-C88885F46EE2}.Debug|Any CPU.ActiveCfg = Debug|Any CPU
		{79B9574D-AB3D-4C05-A651-C88885F46EE2}.Debug|Any CPU.Build.0 = Debug|Any CPU
		{79B9574D-AB3D-4C05-A651-C88885F46EE2}.Release|Any CPU.ActiveCfg = Release|Any CPU
		{79B9574D-AB3D-4C05-A651-C88885F46EE2}.Release|Any CPU.Build.0 = Release|Any CPU
		{5B4C78C8-94AB-41B9-8B0B-C75A58175F7C}.Debug|Any CPU.ActiveCfg = Debug|Any CPU
		{5B4C78C8-94AB-41B9-8B0B-C75A58175F7C}.Debug|Any CPU.Build.0 = Debug|Any CPU
		{5B4C78C8-94AB-41B9-8B0B-C75A58175F7C}.Release|Any CPU.ActiveCfg = Release|Any CPU
		{5B4C78C8-94AB-41B9-8B0B-C75A58175F7C}.Release|Any CPU.Build.0 = Release|Any CPU
	EndGlobalSection
	GlobalSection(SolutionProperties) = preSolution
		HideSolutionNode = FALSE
	EndGlobalSection
	GlobalSection(ExtensibilityGlobals) = postSolution
		SolutionGuid = {A22C8D0E-A14F-4EC2-9B31-787AE19E0D2C}
	EndGlobalSection
EndGlobal
